
Microsoft Visual Studio Solution File, Format Version 12.00
# Visual Studio Version 16
VisualStudioVersion = 16.0.30011.22
MinimumVisualStudioVersion = 10.0.40219.1
Project("{FAE04EC0-301F-11D3-BF4B-00C04F79EFBC}") = "CleaningProducts.API", "CleaningProducts.API\CleaningProducts.API.csproj", "{86BD49B1-39CE-41A7-B6BB-F9DD2CE9EA23}"
EndProject
Project("{FAE04EC0-301F-11D3-BF4B-00C04F79EFBC}") = "CleaningProducts.Core", "CleaningProducts.Core\CleaningProducts.Core.csproj", "{CD79C000-B19E-4C3E-83AB-0B83934DFAF9}"
EndProject
Project("{FAE04EC0-301F-11D3-BF4B-00C04F79EFBC}") = "CleaningProducts.DataAccess", "CleaningProducts.DataAccess\CleaningProducts.DataAccess.csproj", "{138DEAF4-8A20-449B-8B44-897F75F4AC42}"
EndProject
Project("{FAE04EC0-301F-11D3-BF4B-00C04F79EFBC}") = "CleaningProducts.Repository", "CleaningProducts.Repository\CleaningProducts.Repository.csproj", "{0488041E-00C9-411E-B798-D07112BD8467}"
EndProject
Global
	GlobalSection(SolutionConfigurationPlatforms) = preSolution
		Debug|Any CPU = Debug|Any CPU
		Release|Any CPU = Release|Any CPU
	EndGlobalSection
	GlobalSection(ProjectConfigurationPlatforms) = postSolution
		{86BD49B1-39CE-41A7-B6BB-F9DD2CE9EA23}.Debug|Any CPU.ActiveCfg = Debug|Any CPU
		{86BD49B1-39CE-41A7-B6BB-F9DD2CE9EA23}.Debug|Any CPU.Build.0 = Debug|Any CPU
		{86BD49B1-39CE-41A7-B6BB-F9DD2CE9EA23}.Release|Any CPU.ActiveCfg = Release|Any CPU
		{86BD49B1-39CE-41A7-B6BB-F9DD2CE9EA23}.Release|Any CPU.Build.0 = Release|Any CPU
		{CD79C000-B19E-4C3E-83AB-0B83934DFAF9}.Debug|Any CPU.ActiveCfg = Debug|Any CPU
		{CD79C000-B19E-4C3E-83AB-0B83934DFAF9}.Debug|Any CPU.Build.0 = Debug|Any CPU
		{CD79C000-B19E-4C3E-83AB-0B83934DFAF9}.Release|Any CPU.ActiveCfg = Release|Any CPU
		{CD79C000-B19E-4C3E-83AB-0B83934DFAF9}.Release|Any CPU.Build.0 = Release|Any CPU
		{138DEAF4-8A20-449B-8B44-897F75F4AC42}.Debug|Any CPU.ActiveCfg = Debug|Any CPU
		{138DEAF4-8A20-449B-8B44-897F75F4AC42}.Debug|Any CPU.Build.0 = Debug|Any CPU
		{138DEAF4-8A20-449B-8B44-897F75F4AC42}.Release|Any CPU.ActiveCfg = Release|Any CPU
		{138DEAF4-8A20-449B-8B44-897F75F4AC42}.Release|Any CPU.Build.0 = Release|Any CPU
		{0488041E-00C9-411E-B798-D07112BD8467}.Debug|Any CPU.ActiveCfg = Debug|Any CPU
		{0488041E-00C9-411E-B798-D07112BD8467}.Debug|Any CPU.Build.0 = Debug|Any CPU
		{0488041E-00C9-411E-B798-D07112BD8467}.Release|Any CPU.ActiveCfg = Release|Any CPU
		{0488041E-00C9-411E-B798-D07112BD8467}.Release|Any CPU.Build.0 = Release|Any CPU
	EndGlobalSection
	GlobalSection(SolutionProperties) = preSolution
		HideSolutionNode = FALSE
	EndGlobalSection
	GlobalSection(ExtensibilityGlobals) = postSolution
		SolutionGuid = {AF11E819-D7D3-458C-8AC1-E7B281CA3888}
	EndGlobalSection
EndGlobal
